
Microsoft Visual Studio Solution File, Format Version 12.00
# Visual Studio Version 17
VisualStudioVersion = 17.5.33627.172
MinimumVisualStudioVersion = 10.0.40219.1
Project("{FAE04EC0-301F-11D3-BF4B-00C04F79EFBC}") = "ChatAppAPI", "ChatAppAPI\ChatAppAPI.csproj", "{9CE357A3-15E3-49F8-83E1-6E2A45E93F38}"
EndProject
Global
	GlobalSection(SolutionConfigurationPlatforms) = preSolution
		Debug|Any CPU = Debug|Any CPU
		Release|Any CPU = Release|Any CPU
	EndGlobalSection
	GlobalSection(ProjectConfigurationPlatforms) = postSolution
		{9CE357A3-15E3-49F8-83E1-6E2A45E93F38}.Debug|Any CPU.ActiveCfg = Debug|Any CPU
		{9CE357A3-15E3-49F8-83E1-6E2A45E93F38}.Debug|Any CPU.Build.0 = Debug|Any CPU
		{9CE357A3-15E3-49F8-83E1-6E2A45E93F38}.Release|Any CPU.ActiveCfg = Release|Any CPU
		{9CE357A3-15E3-49F8-83E1-6E2A45E93F38}.Release|Any CPU.Build.0 = Release|Any CPU
	EndGlobalSection
	GlobalSection(SolutionProperties) = preSolution
		HideSolutionNode = FALSE
	EndGlobalSection
	GlobalSection(ExtensibilityGlobals) = postSolution
		SolutionGuid = {E9082838-2207-4930-A7EB-D371104000B1}
	EndGlobalSection
EndGlobal
